
Microsoft Visual Studio Solution File, Format Version 12.00
# Visual Studio 15
VisualStudioVersion = 15.0.26730.3
MinimumVisualStudioVersion = 10.0.40219.1
Project("{FAE04EC0-301F-11D3-BF4B-00C04F79EFBC}") = "BasicArrayOps", "BasicArrayOps\BasicArrayOps.csproj", "{D1DFF0C8-7356-45AE-A59E-58A24A1B56A6}"
EndProject
Global
	GlobalSection(SolutionConfigurationPlatforms) = preSolution
		Debug|Any CPU = Debug|Any CPU
		Release|Any CPU = Release|Any CPU
	EndGlobalSection
	GlobalSection(ProjectConfigurationPlatforms) = postSolution
		{D1DFF0C8-7356-45AE-A59E-58A24A1B56A6}.Debug|Any CPU.ActiveCfg = Debug|Any CPU
		{D1DFF0C8-7356-45AE-A59E-58A24A1B56A6}.Debug|Any CPU.Build.0 = Debug|Any CPU
		{D1DFF0C8-7356-45AE-A59E-58A24A1B56A6}.Release|Any CPU.ActiveCfg = Release|Any CPU
		{D1DFF0C8-7356-45AE-A59E-58A24A1B56A6}.Release|Any CPU.Build.0 = Release|Any CPU
	EndGlobalSection
	GlobalSection(SolutionProperties) = preSolution
		HideSolutionNode = FALSE
	EndGlobalSection
	GlobalSection(ExtensibilityGlobals) = postSolution
		SolutionGuid = {04573FB9-07FB-47F0-BB6F-68150A5A5D5E}
	EndGlobalSection
EndGlobal
